
Microsoft Visual Studio Solution File, Format Version 9.00
# Visual Studio 2005
# Clarion 2.1.0.2447
Project("{12B76EC0-1D7B-4FA7-A7D0-C524288B48A1}") = "RTFdemo", "RTFdemo.cwproj", "{E4B7929A-E325-4F17-B454-EA14471AD92E}"
EndProject
Global
	GlobalSection(SolutionConfigurationPlatforms) = preSolution
		Debug|Win32 = Debug|Win32
		Release|Win32 = Release|Win32
	EndGlobalSection
	GlobalSection(ProjectConfigurationPlatforms) = postSolution
		{E4B7929A-E325-4F17-B454-EA14471AD92E}.Debug|Win32.Build.0 = Debug|Win32
		{E4B7929A-E325-4F17-B454-EA14471AD92E}.Debug|Win32.ActiveCfg = Debug|Win32
		{E4B7929A-E325-4F17-B454-EA14471AD92E}.Release|Win32.Build.0 = Release|Win32
		{E4B7929A-E325-4F17-B454-EA14471AD92E}.Release|Win32.ActiveCfg = Release|Win32
	EndGlobalSection
EndGlobal
