
Microsoft Visual Studio Solution File, Format Version 9.00
# Visual Studio 2005
# Clarion 2.1.0.2447
Project("{12B76EC0-1D7B-4FA7-A7D0-C524288B48A1}") = "adoexample", "adoexample.cwproj", "{DCB34227-3A45-4B83-A235-692A439EFF72}"
EndProject
Project("{2150E333-8FDC-42A3-9474-1A3956D46DE8}") = "Solution Items", "Solution Items", "{{2150E333-8FDC-42A3-9474-1A3956D46DE8}}"
	ProjectSection(SolutionItems) = postProject
		adoexample.app = adoexample.app
	EndProjectSection
EndProject
Global
	GlobalSection(SolutionConfigurationPlatforms) = preSolution
		Debug|Win32 = Debug|Win32
		Release|Win32 = Release|Win32
	EndGlobalSection
	GlobalSection(ProjectConfigurationPlatforms) = postSolution
		{DCB34227-3A45-4B83-A235-692A439EFF72}.Debug|Win32.Build.0 = Debug|Win32
		{DCB34227-3A45-4B83-A235-692A439EFF72}.Debug|Win32.ActiveCfg = Debug|Win32
		{DCB34227-3A45-4B83-A235-692A439EFF72}.Release|Win32.Build.0 = Release|Win32
		{DCB34227-3A45-4B83-A235-692A439EFF72}.Release|Win32.ActiveCfg = Release|Win32
	EndGlobalSection
EndGlobal
