
Microsoft Visual Studio Solution File, Format Version 9.00
# Visual Studio 2005
# Clarion 2.1.0.2447
Project("{12B76EC0-1D7B-4FA7-A7D0-C524288B48A1}") = "adoNorthw", "adoNorthw.cwproj", "{A1B93350-9D13-4DDB-BBEB-4F801808545D}"
EndProject
Project("{2150E333-8FDC-42A3-9474-1A3956D46DE8}") = "Solution Items", "Solution Items", "{{2150E333-8FDC-42A3-9474-1A3956D46DE8}}"
	ProjectSection(SolutionItems) = postProject
		adoNorthw.app = adoNorthw.app
		adodata.app = adodata.app
	EndProjectSection
EndProject
Project("{12B76EC0-1D7B-4FA7-A7D0-C524288B48A1}") = "adodata", "adodata.cwproj", "{731031C9-1CCF-473E-958E-03CA4AA3D0B4}"
EndProject
Global
	GlobalSection(SolutionConfigurationPlatforms) = preSolution
		Debug|Win32 = Debug|Win32
		Release|Win32 = Release|Win32
	EndGlobalSection
	GlobalSection(ProjectConfigurationPlatforms) = postSolution
		{A1B93350-9D13-4DDB-BBEB-4F801808545D}.Debug|Win32.Build.0 = Debug|Win32
		{A1B93350-9D13-4DDB-BBEB-4F801808545D}.Debug|Win32.ActiveCfg = Debug|Win32
		{A1B93350-9D13-4DDB-BBEB-4F801808545D}.Release|Win32.Build.0 = Release|Win32
		{A1B93350-9D13-4DDB-BBEB-4F801808545D}.Release|Win32.ActiveCfg = Release|Win32
		{731031C9-1CCF-473E-958E-03CA4AA3D0B4}.Debug|Win32.Build.0 = Debug|Win32
		{731031C9-1CCF-473E-958E-03CA4AA3D0B4}.Debug|Win32.ActiveCfg = Debug|Win32
		{731031C9-1CCF-473E-958E-03CA4AA3D0B4}.Release|Win32.Build.0 = Release|Win32
		{731031C9-1CCF-473E-958E-03CA4AA3D0B4}.Release|Win32.ActiveCfg = Release|Win32
	EndGlobalSection
EndGlobal
